
Microsoft Visual Studio Solution File, Format Version 12.00
# Visual Studio Version 16
VisualStudioVersion = 16.0.32630.194
MinimumVisualStudioVersion = 10.0.40219.1
Project("{FAE04EC0-301F-11D3-BF4B-00C04F79EFBC}") = "CarClassLibrary", "CarClassLibrary\CarClassLibrary.csproj", "{B34ED29F-3D25-441C-B593-09A693F42980}"
EndProject
Project("{FAE04EC0-301F-11D3-BF4B-00C04F79EFBC}") = "CarShopConsoleApp", "CarShopConsoleApp\CarShopConsoleApp.csproj", "{48A328D1-CBC4-4A4E-A533-D0BC325FDD56}"
EndProject
Global
	GlobalSection(SolutionConfigurationPlatforms) = preSolution
		Debug|Any CPU = Debug|Any CPU
		Release|Any CPU = Release|Any CPU
	EndGlobalSection
	GlobalSection(ProjectConfigurationPlatforms) = postSolution
		{B34ED29F-3D25-441C-B593-09A693F42980}.Debug|Any CPU.ActiveCfg = Debug|Any CPU
		{B34ED29F-3D25-441C-B593-09A693F42980}.Debug|Any CPU.Build.0 = Debug|Any CPU
		{B34ED29F-3D25-441C-B593-09A693F42980}.Release|Any CPU.ActiveCfg = Release|Any CPU
		{B34ED29F-3D25-441C-B593-09A693F42980}.Release|Any CPU.Build.0 = Release|Any CPU
		{48A328D1-CBC4-4A4E-A533-D0BC325FDD56}.Debug|Any CPU.ActiveCfg = Debug|Any CPU
		{48A328D1-CBC4-4A4E-A533-D0BC325FDD56}.Debug|Any CPU.Build.0 = Debug|Any CPU
		{48A328D1-CBC4-4A4E-A533-D0BC325FDD56}.Release|Any CPU.ActiveCfg = Release|Any CPU
		{48A328D1-CBC4-4A4E-A533-D0BC325FDD56}.Release|Any CPU.Build.0 = Release|Any CPU
	EndGlobalSection
	GlobalSection(SolutionProperties) = preSolution
		HideSolutionNode = FALSE
	EndGlobalSection
	GlobalSection(ExtensibilityGlobals) = postSolution
		SolutionGuid = {F750F445-F1BE-49B0-A8E4-ADDD878EE18E}
	EndGlobalSection
EndGlobal
